
Microsoft Visual Studio Solution File, Format Version 12.00
# Visual Studio Version 17
VisualStudioVersion = 17.3.32929.385
MinimumVisualStudioVersion = 10.0.40219.1
Project("{FAE04EC0-301F-11D3-BF4B-00C04F79EFBC}") = "Biblioteka-project-2", "Biblioteka-project-2\Biblioteka-project-2.csproj", "{592D4F25-BEC5-43FF-81BF-F699FBC98860}"
EndProject
Global
	GlobalSection(SolutionConfigurationPlatforms) = preSolution
		Debug|Any CPU = Debug|Any CPU
		Release|Any CPU = Release|Any CPU
	EndGlobalSection
	GlobalSection(ProjectConfigurationPlatforms) = postSolution
		{592D4F25-BEC5-43FF-81BF-F699FBC98860}.Debug|Any CPU.ActiveCfg = Debug|Any CPU
		{592D4F25-BEC5-43FF-81BF-F699FBC98860}.Debug|Any CPU.Build.0 = Debug|Any CPU
		{592D4F25-BEC5-43FF-81BF-F699FBC98860}.Release|Any CPU.ActiveCfg = Release|Any CPU
		{592D4F25-BEC5-43FF-81BF-F699FBC98860}.Release|Any CPU.Build.0 = Release|Any CPU
	EndGlobalSection
	GlobalSection(SolutionProperties) = preSolution
		HideSolutionNode = FALSE
	EndGlobalSection
	GlobalSection(ExtensibilityGlobals) = postSolution
		SolutionGuid = {C1B044C5-B18F-45F5-929E-352635A78AD7}
	EndGlobalSection
EndGlobal
